# THIS IS AN AUTOGENERATED FILE. DO NOT EDIT THIS FILE DIRECTLY.
# yarn lockfile v1


"@sandboxpowered/api@^0.1.2":
  version "0.1.2"
  resolved "https://registry.yarnpkg.com/@sandboxpowered/api/-/api-0.1.2.tgz#41987525f555f144d9605186c65ccb44ea52a614"
  integrity sha512-MN7yewyj5BmWUdAklIsuRcc0PzK/O7WDyxSd/5U7pZG0LJ8Z7QTGIE8d87c0ZKt3oki6Rs69tg+DQMrGLP1q6A==
